// !$*UTF8*$!
{
	archiveVersion = 1;
	classes = {
	};
	objectVersion = 50;
	objects = {

/* Begin PBXBuildFile section */
		0208B1132115B39D00EC1D8E /* basketTest.swift in Sources */ = {isa = PBXBuildFile; fileRef = 0208B1122115B39D00EC1D8E /* basketTest.swift */; };
		0212F4E42115AA35001EBD50 /* authTest.swift in Sources */ = {isa = PBXBuildFile; fileRef = 0212F4E32115AA35001EBD50 /* authTest.swift */; };
		02329D8F210355040012EBF6 /* ResponseCodableTests.swift in Sources */ = {isa = PBXBuildFile; fileRef = 02329D8E210355040012EBF6 /* ResponseCodableTests.swift */; };
		02329D9121035C880012EBF6 /* RequestFactoryMock.swift in Sources */ = {isa = PBXBuildFile; fileRef = 02329D9021035C880012EBF6 /* RequestFactoryMock.swift */; };
		02329D9321035D610012EBF6 /* ErrorParser​Stub.swift in Sources */ = {isa = PBXBuildFile; fileRef = 02329D9221035D610012EBF6 /* ErrorParser​Stub.swift */; };
		02329D9521036B830012EBF6 /* AuthRequestFactoryTests.swift in Sources */ = {isa = PBXBuildFile; fileRef = 02329D9421036B830012EBF6 /* AuthRequestFactoryTests.swift */; };
		02329D97210370C70012EBF6 /* Login.json in Resources */ = {isa = PBXBuildFile; fileRef = 02329D96210370C70012EBF6 /* Login.json */; };
		02329D99210376FD0012EBF6 /* Logout.json in Resources */ = {isa = PBXBuildFile; fileRef = 02329D98210376FD0012EBF6 /* Logout.json */; };
		024F51A3210874D700AE51CA /* ProductRequestFactory.swift in Sources */ = {isa = PBXBuildFile; fileRef = 024F51A2210874D700AE51CA /* ProductRequestFactory.swift */; };
		024F51A5210874E300AE51CA /* Product.swift in Sources */ = {isa = PBXBuildFile; fileRef = 024F51A4210874E300AE51CA /* Product.swift */; };
		024F51A72108771400AE51CA /* Item.swift in Sources */ = {isa = PBXBuildFile; fileRef = 024F51A62108771400AE51CA /* Item.swift */; };
		024F51A9210886C400AE51CA /* StubHelp.swift in Sources */ = {isa = PBXBuildFile; fileRef = 024F51A8210886C400AE51CA /* StubHelp.swift */; };
		024F51AB21088F5600AE51CA /* ProductRequestFactoryTests.swift in Sources */ = {isa = PBXBuildFile; fileRef = 024F51AA21088F5600AE51CA /* ProductRequestFactoryTests.swift */; };
		024F51AD21088FCF00AE51CA /* AccauntRequestFactoryTests.swift in Sources */ = {isa = PBXBuildFile; fileRef = 024F51AC21088FCF00AE51CA /* AccauntRequestFactoryTests.swift */; };
		024F51B12108915E00AE51CA /* Register.json in Resources */ = {isa = PBXBuildFile; fileRef = 024F51B02108915E00AE51CA /* Register.json */; };
		024F51B3210893B700AE51CA /* Change.json in Resources */ = {isa = PBXBuildFile; fileRef = 024F51B2210893B700AE51CA /* Change.json */; };
		024F51B7210896E400AE51CA /* Catalog.json in Resources */ = {isa = PBXBuildFile; fileRef = 024F51B6210896E400AE51CA /* Catalog.json */; };
		024F51B9210899C900AE51CA /* Item.json in Resources */ = {isa = PBXBuildFile; fileRef = 024F51B8210899C900AE51CA /* Item.json */; };
		024F51BF2108B06000AE51CA /* CodableTests.json in Resources */ = {isa = PBXBuildFile; fileRef = 024F51BE2108B06000AE51CA /* CodableTests.json */; };
		024F51E5210C688300AE51CA /* Reviews.swift in Sources */ = {isa = PBXBuildFile; fileRef = 024F51E4210C688300AE51CA /* Reviews.swift */; };
		024F51E7210C689500AE51CA /* ReviewsReqestFactory.swift in Sources */ = {isa = PBXBuildFile; fileRef = 024F51E6210C689500AE51CA /* ReviewsReqestFactory.swift */; };
		024F51E9210C6D5C00AE51CA /* Review.swift in Sources */ = {isa = PBXBuildFile; fileRef = 024F51E8210C6D5C00AE51CA /* Review.swift */; };
		025CFC6D2113539E007FBC08 /* GoodsListTableViewController.swift in Sources */ = {isa = PBXBuildFile; fileRef = 025CFC6C2113539E007FBC08 /* GoodsListTableViewController.swift */; };
		025CFC6F211353BE007FBC08 /* GoodsListTableViewCell.swift in Sources */ = {isa = PBXBuildFile; fileRef = 025CFC6E211353BE007FBC08 /* GoodsListTableViewCell.swift */; };
		025CFC7221136D42007FBC08 /* ProductViewController.swift in Sources */ = {isa = PBXBuildFile; fileRef = 025CFC7121136D42007FBC08 /* ProductViewController.swift */; };
		02677706210C757E00E7DC95 /* AddReview.json in Resources */ = {isa = PBXBuildFile; fileRef = 02677705210C757E00E7DC95 /* AddReview.json */; };
		02677708210C75BE00E7DC95 /* ReviewsReqestFactoryTests.swift in Sources */ = {isa = PBXBuildFile; fileRef = 02677707210C75BE00E7DC95 /* ReviewsReqestFactoryTests.swift */; };
		0267770A210C813000E7DC95 /* RemoveReview.json in Resources */ = {isa = PBXBuildFile; fileRef = 02677709210C813000E7DC95 /* RemoveReview.json */; };
		0267770C210C874700E7DC95 /* ApproveReview.json in Resources */ = {isa = PBXBuildFile; fileRef = 0267770B210C874700E7DC95 /* ApproveReview.json */; };
		0267770F210C887600E7DC95 /* BasketReqestFactory.swift in Sources */ = {isa = PBXBuildFile; fileRef = 0267770E210C887600E7DC95 /* BasketReqestFactory.swift */; };
		02677711210C888000E7DC95 /* Basket.swift in Sources */ = {isa = PBXBuildFile; fileRef = 02677710210C888000E7DC95 /* Basket.swift */; };
		02677713210C8BE600E7DC95 /* BasketReqestFactoryTests.swift in Sources */ = {isa = PBXBuildFile; fileRef = 02677712210C8BE600E7DC95 /* BasketReqestFactoryTests.swift */; };
		02677715210C8CCE00E7DC95 /* Baskets.swift in Sources */ = {isa = PBXBuildFile; fileRef = 02677714210C8CCE00E7DC95 /* Baskets.swift */; };
		026C1E052114456800ABEC29 /* BasketTableViewController.swift in Sources */ = {isa = PBXBuildFile; fileRef = 026C1E042114456800ABEC29 /* BasketTableViewController.swift */; };
		026C1E072114457C00ABEC29 /* BasketTableViewCell.swift in Sources */ = {isa = PBXBuildFile; fileRef = 026C1E062114457C00ABEC29 /* BasketTableViewCell.swift */; };
		026C1E092114463D00ABEC29 /* BasketStoryboard.storyboard in Resources */ = {isa = PBXBuildFile; fileRef = 026C1E082114463D00ABEC29 /* BasketStoryboard.storyboard */; };
		029A5ABD211066AF00CAE165 /* LoginStoryboard.storyboard in Resources */ = {isa = PBXBuildFile; fileRef = 029A5ABC211066AF00CAE165 /* LoginStoryboard.storyboard */; };
		029A5AC0211069AD00CAE165 /* LoginViewController.swift in Sources */ = {isa = PBXBuildFile; fileRef = 029A5ABF211069AD00CAE165 /* LoginViewController.swift */; };
		029A5AC22110733D00CAE165 /* AccauntEditStoryboard.storyboard in Resources */ = {isa = PBXBuildFile; fileRef = 029A5AC12110733D00CAE165 /* AccauntEditStoryboard.storyboard */; };
		029A5AC42110739600CAE165 /* RegisterViewController.swift in Sources */ = {isa = PBXBuildFile; fileRef = 029A5AC32110739600CAE165 /* RegisterViewController.swift */; };
		029A5AC62110810600CAE165 /* AccauntDataStoryboard.storyboard in Resources */ = {isa = PBXBuildFile; fileRef = 029A5AC52110810600CAE165 /* AccauntDataStoryboard.storyboard */; };
		029A5AC82110814900CAE165 /* AccauntDataViewController.swift in Sources */ = {isa = PBXBuildFile; fileRef = 029A5AC72110814900CAE165 /* AccauntDataViewController.swift */; };
		029A5ACB2111A0DC00CAE165 /* Alerts.swift in Sources */ = {isa = PBXBuildFile; fileRef = 029A5ACA2111A0DC00CAE165 /* Alerts.swift */; };
		029A5ACD211215A500CAE165 /* ProductsStoryboard.storyboard in Resources */ = {isa = PBXBuildFile; fileRef = 029A5ACC211215A500CAE165 /* ProductsStoryboard.storyboard */; };
		029A5ACF2112536300CAE165 /* ReviewsStoryboard.storyboard in Resources */ = {isa = PBXBuildFile; fileRef = 029A5ACE2112536300CAE165 /* ReviewsStoryboard.storyboard */; };
		029DE6F5210C912500563F56 /* AddToBasket.json in Resources */ = {isa = PBXBuildFile; fileRef = 029DE6F4210C912500563F56 /* AddToBasket.json */; };
		029DE6F7210C914C00563F56 /* GetBasket.json in Resources */ = {isa = PBXBuildFile; fileRef = 029DE6F6210C914C00563F56 /* GetBasket.json */; };
		029DE6F9210C916E00563F56 /* DeleteFromBasket.json in Resources */ = {isa = PBXBuildFile; fileRef = 029DE6F8210C916E00563F56 /* DeleteFromBasket.json */; };
		02A42C2920FA12210087512A /* AbstractErrorParser.swift in Sources */ = {isa = PBXBuildFile; fileRef = 02A42C2820FA12210087512A /* AbstractErrorParser.swift */; };
		02A42C2B20FA13870087512A /* ErrorParser.swift in Sources */ = {isa = PBXBuildFile; fileRef = 02A42C2A20FA13870087512A /* ErrorParser.swift */; };
		02A42C2D20FA19A30087512A /* ResponseCodable.swift in Sources */ = {isa = PBXBuildFile; fileRef = 02A42C2C20FA19A30087512A /* ResponseCodable.swift */; };
		02A42C2F20FA21320087512A /* AbstractRequestFatory.swift in Sources */ = {isa = PBXBuildFile; fileRef = 02A42C2E20FA21320087512A /* AbstractRequestFatory.swift */; };
		02A42C3220FA27F00087512A /* RequestRouter.swift in Sources */ = {isa = PBXBuildFile; fileRef = 02A42C3120FA27F00087512A /* RequestRouter.swift */; };
		02A42C3520FB6E430087512A /* User.swift in Sources */ = {isa = PBXBuildFile; fileRef = 02A42C3420FB6E430087512A /* User.swift */; };
		02A42C3A20FB704C0087512A /* AuthRequestFactory.swift in Sources */ = {isa = PBXBuildFile; fileRef = 02A42C3920FB704C0087512A /* AuthRequestFactory.swift */; };
		02A42C3C20FB71EE0087512A /* Auth.swift in Sources */ = {isa = PBXBuildFile; fileRef = 02A42C3B20FB71EE0087512A /* Auth.swift */; };
		02A42C3F20FB7A110087512A /* RequestFactory.swift in Sources */ = {isa = PBXBuildFile; fileRef = 02A42C3E20FB7A110087512A /* RequestFactory.swift */; };
		02AC047E20EA84DA00E4E375 /* AppDelegate.swift in Sources */ = {isa = PBXBuildFile; fileRef = 02AC047D20EA84DA00E4E375 /* AppDelegate.swift */; };
		02AC048520EA84DB00E4E375 /* Assets.xcassets in Resources */ = {isa = PBXBuildFile; fileRef = 02AC048420EA84DB00E4E375 /* Assets.xcassets */; };
		02AC048820EA84DB00E4E375 /* LaunchScreen.storyboard in Resources */ = {isa = PBXBuildFile; fileRef = 02AC048620EA84DB00E4E375 /* LaunchScreen.storyboard */; };
		02DFC5F0211482FB00453192 /* ReviewTableViewController.swift in Sources */ = {isa = PBXBuildFile; fileRef = 02DFC5EF211482FB00453192 /* ReviewTableViewController.swift */; };
		02DFC5F22114831600453192 /* ReviewTableViewCell.swift in Sources */ = {isa = PBXBuildFile; fileRef = 02DFC5F12114831600453192 /* ReviewTableViewCell.swift */; };
		02DFC5F421148FE400453192 /* AddReviewViewController.swift in Sources */ = {isa = PBXBuildFile; fileRef = 02DFC5F321148FE400453192 /* AddReviewViewController.swift */; };
		02FBD78C2100B00D002FD9F0 /* BaseRequestFactory.swift in Sources */ = {isa = PBXBuildFile; fileRef = 02FBD78B2100B00D002FD9F0 /* BaseRequestFactory.swift */; };
		02FBD78E2100B0B3002FD9F0 /* Accaunt.swift in Sources */ = {isa = PBXBuildFile; fileRef = 02FBD78D2100B0B3002FD9F0 /* Accaunt.swift */; };
		02FBD7902100B14D002FD9F0 /* AccauntRequestFactory.swift in Sources */ = {isa = PBXBuildFile; fileRef = 02FBD78F2100B14D002FD9F0 /* AccauntRequestFactory.swift */; };
		02FBD7922100B917002FD9F0 /* Profile.swift in Sources */ = {isa = PBXBuildFile; fileRef = 02FBD7912100B917002FD9F0 /* Profile.swift */; };
		776AF6D5C0973CD9801F3170 /* Pods_a_chursinTests.framework in Frameworks */ = {isa = PBXBuildFile; fileRef = D0677BC894EEEBC68B80D507 /* Pods_a_chursinTests.framework */; };
		A8AA2BAB41568FA01AB898CA /* Pods_a_chursinUITests.framework in Frameworks */ = {isa = PBXBuildFile; fileRef = 4CACA37F465BFC079D8D47C5 /* Pods_a_chursinUITests.framework */; };
		BF7F6E42CB8AACF295037B5B /* Pods_a_chursin.framework in Frameworks */ = {isa = PBXBuildFile; fileRef = F7C0D95D04B9CB14B686C209 /* Pods_a_chursin.framework */; };
/* End PBXBuildFile section */

/* Begin PBXContainerItemProxy section */
		02AC048F20EA84DB00E4E375 /* PBXContainerItemProxy */ = {
			isa = PBXContainerItemProxy;
			containerPortal = 02AC047220EA84DA00E4E375 /* Project object */;
			proxyType = 1;
			remoteGlobalIDString = 02AC047920EA84DA00E4E375;
			remoteInfo = a.chursin;
		};
		02AC049A20EA84DB00E4E375 /* PBXContainerItemProxy */ = {
			isa = PBXContainerItemProxy;
			containerPortal = 02AC047220EA84DA00E4E375 /* Project object */;
			proxyType = 1;
			remoteGlobalIDString = 02AC047920EA84DA00E4E375;
			remoteInfo = a.chursin;
		};
/* End PBXContainerItemProxy section */

/* Begin PBXFileReference section */
		0208B1122115B39D00EC1D8E /* basketTest.swift */ = {isa = PBXFileReference; lastKnownFileType = sourcecode.swift; path = basketTest.swift; sourceTree = "<group>"; };
		0212F4E32115AA35001EBD50 /* authTest.swift */ = {isa = PBXFileReference; lastKnownFileType = sourcecode.swift; path = authTest.swift; sourceTree = "<group>"; };
		02329D8E210355040012EBF6 /* ResponseCodableTests.swift */ = {isa = PBXFileReference; lastKnownFileType = sourcecode.swift; path = ResponseCodableTests.swift; sourceTree = "<group>"; };
		02329D9021035C880012EBF6 /* RequestFactoryMock.swift */ = {isa = PBXFileReference; lastKnownFileType = sourcecode.swift; path = RequestFactoryMock.swift; sourceTree = "<group>"; };
		02329D9221035D610012EBF6 /* ErrorParser​Stub.swift */ = {isa = PBXFileReference; lastKnownFileType = sourcecode.swift; path = "ErrorParser​Stub.swift"; sourceTree = "<group>"; };
		02329D9421036B830012EBF6 /* AuthRequestFactoryTests.swift */ = {isa = PBXFileReference; lastKnownFileType = sourcecode.swift; path = AuthRequestFactoryTests.swift; sourceTree = "<group>"; };
		02329D96210370C70012EBF6 /* Login.json */ = {isa = PBXFileReference; lastKnownFileType = text.json; path = Login.json; sourceTree = "<group>"; };
		02329D98210376FD0012EBF6 /* Logout.json */ = {isa = PBXFileReference; lastKnownFileType = text.json; path = Logout.json; sourceTree = "<group>"; };
		024F51A2210874D700AE51CA /* ProductRequestFactory.swift */ = {isa = PBXFileReference; lastKnownFileType = sourcecode.swift; path = ProductRequestFactory.swift; sourceTree = "<group>"; };
		024F51A4210874E300AE51CA /* Product.swift */ = {isa = PBXFileReference; lastKnownFileType = sourcecode.swift; path = Product.swift; sourceTree = "<group>"; };
		024F51A62108771400AE51CA /* Item.swift */ = {isa = PBXFileReference; lastKnownFileType = sourcecode.swift; path = Item.swift; sourceTree = "<group>"; };
		024F51A8210886C400AE51CA /* StubHelp.swift */ = {isa = PBXFileReference; lastKnownFileType = sourcecode.swift; path = StubHelp.swift; sourceTree = "<group>"; };
		024F51AA21088F5600AE51CA /* ProductRequestFactoryTests.swift */ = {isa = PBXFileReference; lastKnownFileType = sourcecode.swift; path = ProductRequestFactoryTests.swift; sourceTree = "<group>"; };
		024F51AC21088FCF00AE51CA /* AccauntRequestFactoryTests.swift */ = {isa = PBXFileReference; lastKnownFileType = sourcecode.swift; path = AccauntRequestFactoryTests.swift; sourceTree = "<group>"; };
		024F51B02108915E00AE51CA /* Register.json */ = {isa = PBXFileReference; lastKnownFileType = text.json; path = Register.json; sourceTree = "<group>"; };
		024F51B2210893B700AE51CA /* Change.json */ = {isa = PBXFileReference; lastKnownFileType = text.json; path = Change.json; sourceTree = "<group>"; };
		024F51B6210896E400AE51CA /* Catalog.json */ = {isa = PBXFileReference; lastKnownFileType = text.json; path = Catalog.json; sourceTree = "<group>"; };
		024F51B8210899C900AE51CA /* Item.json */ = {isa = PBXFileReference; lastKnownFileType = text.json; path = Item.json; sourceTree = "<group>"; };
		024F51BE2108B06000AE51CA /* CodableTests.json */ = {isa = PBXFileReference; lastKnownFileType = text.json; path = CodableTests.json; sourceTree = "<group>"; };
		024F51E4210C688300AE51CA /* Reviews.swift */ = {isa = PBXFileReference; lastKnownFileType = sourcecode.swift; path = Reviews.swift; sourceTree = "<group>"; };
		024F51E6210C689500AE51CA /* ReviewsReqestFactory.swift */ = {isa = PBXFileReference; lastKnownFileType = sourcecode.swift; path = ReviewsReqestFactory.swift; sourceTree = "<group>"; };
		024F51E8210C6D5C00AE51CA /* Review.swift */ = {isa = PBXFileReference; lastKnownFileType = sourcecode.swift; path = Review.swift; sourceTree = "<group>"; };
		025CFC6C2113539E007FBC08 /* GoodsListTableViewController.swift */ = {isa = PBXFileReference; lastKnownFileType = sourcecode.swift; path = GoodsListTableViewController.swift; sourceTree = "<group>"; };
		025CFC6E211353BE007FBC08 /* GoodsListTableViewCell.swift */ = {isa = PBXFileReference; lastKnownFileType = sourcecode.swift; path = GoodsListTableViewCell.swift; sourceTree = "<group>"; };
		025CFC7121136D42007FBC08 /* ProductViewController.swift */ = {isa = PBXFileReference; lastKnownFileType = sourcecode.swift; path = ProductViewController.swift; sourceTree = "<group>"; };
		02677705210C757E00E7DC95 /* AddReview.json */ = {isa = PBXFileReference; lastKnownFileType = text.json; path = AddReview.json; sourceTree = "<group>"; };
		02677707210C75BE00E7DC95 /* ReviewsReqestFactoryTests.swift */ = {isa = PBXFileReference; lastKnownFileType = sourcecode.swift; path = ReviewsReqestFactoryTests.swift; sourceTree = "<group>"; };
		02677709210C813000E7DC95 /* RemoveReview.json */ = {isa = PBXFileReference; lastKnownFileType = text.json; path = RemoveReview.json; sourceTree = "<group>"; };
		0267770B210C874700E7DC95 /* ApproveReview.json */ = {isa = PBXFileReference; lastKnownFileType = text.json; path = ApproveReview.json; sourceTree = "<group>"; };
		0267770E210C887600E7DC95 /* BasketReqestFactory.swift */ = {isa = PBXFileReference; lastKnownFileType = sourcecode.swift; path = BasketReqestFactory.swift; sourceTree = "<group>"; };
		02677710210C888000E7DC95 /* Basket.swift */ = {isa = PBXFileReference; lastKnownFileType = sourcecode.swift; path = Basket.swift; sourceTree = "<group>"; };
		02677712210C8BE600E7DC95 /* BasketReqestFactoryTests.swift */ = {isa = PBXFileReference; lastKnownFileType = sourcecode.swift; path = BasketReqestFactoryTests.swift; sourceTree = "<group>"; };
		02677714210C8CCE00E7DC95 /* Baskets.swift */ = {isa = PBXFileReference; lastKnownFileType = sourcecode.swift; path = Baskets.swift; sourceTree = "<group>"; };
		026C1E042114456800ABEC29 /* BasketTableViewController.swift */ = {isa = PBXFileReference; lastKnownFileType = sourcecode.swift; path = BasketTableViewController.swift; sourceTree = "<group>"; };
		026C1E062114457C00ABEC29 /* BasketTableViewCell.swift */ = {isa = PBXFileReference; lastKnownFileType = sourcecode.swift; path = BasketTableViewCell.swift; sourceTree = "<group>"; };
		026C1E082114463D00ABEC29 /* BasketStoryboard.storyboard */ = {isa = PBXFileReference; lastKnownFileType = file.storyboard; path = BasketStoryboard.storyboard; sourceTree = "<group>"; };
		029A5ABC211066AF00CAE165 /* LoginStoryboard.storyboard */ = {isa = PBXFileReference; lastKnownFileType = file.storyboard; path = LoginStoryboard.storyboard; sourceTree = "<group>"; };
		029A5ABF211069AD00CAE165 /* LoginViewController.swift */ = {isa = PBXFileReference; lastKnownFileType = sourcecode.swift; path = LoginViewController.swift; sourceTree = "<group>"; };
		029A5AC12110733D00CAE165 /* AccauntEditStoryboard.storyboard */ = {isa = PBXFileReference; lastKnownFileType = file.storyboard; path = AccauntEditStoryboard.storyboard; sourceTree = "<group>"; };
		029A5AC32110739600CAE165 /* RegisterViewController.swift */ = {isa = PBXFileReference; lastKnownFileType = sourcecode.swift; path = RegisterViewController.swift; sourceTree = "<group>"; };
		029A5AC52110810600CAE165 /* AccauntDataStoryboard.storyboard */ = {isa = PBXFileReference; lastKnownFileType = file.storyboard; path = AccauntDataStoryboard.storyboard; sourceTree = "<group>"; };
		029A5AC72110814900CAE165 /* AccauntDataViewController.swift */ = {isa = PBXFileReference; lastKnownFileType = sourcecode.swift; path = AccauntDataViewController.swift; sourceTree = "<group>"; };
		029A5ACA2111A0DC00CAE165 /* Alerts.swift */ = {isa = PBXFileReference; lastKnownFileType = sourcecode.swift; path = Alerts.swift; sourceTree = "<group>"; };
		029A5ACC211215A500CAE165 /* ProductsStoryboard.storyboard */ = {isa = PBXFileReference; lastKnownFileType = file.storyboard; path = ProductsStoryboard.storyboard; sourceTree = "<group>"; };
		029A5ACE2112536300CAE165 /* ReviewsStoryboard.storyboard */ = {isa = PBXFileReference; lastKnownFileType = file.storyboard; path = ReviewsStoryboard.storyboard; sourceTree = "<group>"; };
		029DE6F4210C912500563F56 /* AddToBasket.json */ = {isa = PBXFileReference; lastKnownFileType = text.json; path = AddToBasket.json; sourceTree = "<group>"; };
		029DE6F6210C914C00563F56 /* GetBasket.json */ = {isa = PBXFileReference; lastKnownFileType = text.json; path = GetBasket.json; sourceTree = "<group>"; };
		029DE6F8210C916E00563F56 /* DeleteFromBasket.json */ = {isa = PBXFileReference; lastKnownFileType = text.json; path = DeleteFromBasket.json; sourceTree = "<group>"; };
		02A42C2820FA12210087512A /* AbstractErrorParser.swift */ = {isa = PBXFileReference; lastKnownFileType = sourcecode.swift; path = AbstractErrorParser.swift; sourceTree = "<group>"; };
		02A42C2A20FA13870087512A /* ErrorParser.swift */ = {isa = PBXFileReference; lastKnownFileType = sourcecode.swift; path = ErrorParser.swift; sourceTree = "<group>"; };
		02A42C2C20FA19A30087512A /* ResponseCodable.swift */ = {isa = PBXFileReference; lastKnownFileType = sourcecode.swift; path = ResponseCodable.swift; sourceTree = "<group>"; };
		02A42C2E20FA21320087512A /* AbstractRequestFatory.swift */ = {isa = PBXFileReference; lastKnownFileType = sourcecode.swift; path = AbstractRequestFatory.swift; sourceTree = "<group>"; };
		02A42C3120FA27F00087512A /* RequestRouter.swift */ = {isa = PBXFileReference; lastKnownFileType = sourcecode.swift; path = RequestRouter.swift; sourceTree = "<group>"; };
		02A42C3420FB6E430087512A /* User.swift */ = {isa = PBXFileReference; lastKnownFileType = sourcecode.swift; path = User.swift; sourceTree = "<group>"; };
		02A42C3920FB704C0087512A /* AuthRequestFactory.swift */ = {isa = PBXFileReference; lastKnownFileType = sourcecode.swift; path = AuthRequestFactory.swift; sourceTree = "<group>"; };
		02A42C3B20FB71EE0087512A /* Auth.swift */ = {isa = PBXFileReference; lastKnownFileType = sourcecode.swift; path = Auth.swift; sourceTree = "<group>"; };
		02A42C3E20FB7A110087512A /* RequestFactory.swift */ = {isa = PBXFileReference; lastKnownFileType = sourcecode.swift; path = RequestFactory.swift; sourceTree = "<group>"; };
		02AC047A20EA84DA00E4E375 /* a.chursin.app */ = {isa = PBXFileReference; explicitFileType = wrapper.application; includeInIndex = 0; path = a.chursin.app; sourceTree = BUILT_PRODUCTS_DIR; };
		02AC047D20EA84DA00E4E375 /* AppDelegate.swift */ = {isa = PBXFileReference; lastKnownFileType = sourcecode.swift; path = AppDelegate.swift; sourceTree = "<group>"; };
		02AC048420EA84DB00E4E375 /* Assets.xcassets */ = {isa = PBXFileReference; lastKnownFileType = folder.assetcatalog; path = Assets.xcassets; sourceTree = "<group>"; };
		02AC048720EA84DB00E4E375 /* Base */ = {isa = PBXFileReference; lastKnownFileType = file.storyboard; name = Base; path = Base.lproj/LaunchScreen.storyboard; sourceTree = "<group>"; };
		02AC048920EA84DB00E4E375 /* Info.plist */ = {isa = PBXFileReference; lastKnownFileType = text.plist.xml; path = Info.plist; sourceTree = "<group>"; };
		02AC048E20EA84DB00E4E375 /* a.chursinTests.xctest */ = {isa = PBXFileReference; explicitFileType = wrapper.cfbundle; includeInIndex = 0; path = a.chursinTests.xctest; sourceTree = BUILT_PRODUCTS_DIR; };
		02AC049420EA84DB00E4E375 /* Info.plist */ = {isa = PBXFileReference; lastKnownFileType = text.plist.xml; path = Info.plist; sourceTree = "<group>"; };
		02AC049920EA84DB00E4E375 /* a.chursinUITests.xctest */ = {isa = PBXFileReference; explicitFileType = wrapper.cfbundle; includeInIndex = 0; path = a.chursinUITests.xctest; sourceTree = BUILT_PRODUCTS_DIR; };
		02AC049F20EA84DB00E4E375 /* Info.plist */ = {isa = PBXFileReference; lastKnownFileType = text.plist.xml; path = Info.plist; sourceTree = "<group>"; };
		02DFC5EF211482FB00453192 /* ReviewTableViewController.swift */ = {isa = PBXFileReference; lastKnownFileType = sourcecode.swift; path = ReviewTableViewController.swift; sourceTree = "<group>"; };
		02DFC5F12114831600453192 /* ReviewTableViewCell.swift */ = {isa = PBXFileReference; lastKnownFileType = sourcecode.swift; path = ReviewTableViewCell.swift; sourceTree = "<group>"; };
		02DFC5F321148FE400453192 /* AddReviewViewController.swift */ = {isa = PBXFileReference; lastKnownFileType = sourcecode.swift; path = AddReviewViewController.swift; sourceTree = "<group>"; };
		02FBD78B2100B00D002FD9F0 /* BaseRequestFactory.swift */ = {isa = PBXFileReference; lastKnownFileType = sourcecode.swift; path = BaseRequestFactory.swift; sourceTree = "<group>"; };
		02FBD78D2100B0B3002FD9F0 /* Accaunt.swift */ = {isa = PBXFileReference; lastKnownFileType = sourcecode.swift; path = Accaunt.swift; sourceTree = "<group>"; };
		02FBD78F2100B14D002FD9F0 /* AccauntRequestFactory.swift */ = {isa = PBXFileReference; lastKnownFileType = sourcecode.swift; path = AccauntRequestFactory.swift; sourceTree = "<group>"; };
		02FBD7912100B917002FD9F0 /* Profile.swift */ = {isa = PBXFileReference; lastKnownFileType = sourcecode.swift; path = Profile.swift; sourceTree = "<group>"; };
		2E0A6E4608F6A019C979B76F /* Pods-a.chursinTests.debug.xcconfig */ = {isa = PBXFileReference; includeInIndex = 1; lastKnownFileType = text.xcconfig; name = "Pods-a.chursinTests.debug.xcconfig"; path = "Pods/Target Support Files/Pods-a.chursinTests/Pods-a.chursinTests.debug.xcconfig"; sourceTree = "<group>"; };
		305C1B6151D969664303C176 /* Pods-a.chursin.debug.xcconfig */ = {isa = PBXFileReference; includeInIndex = 1; lastKnownFileType = text.xcconfig; name = "Pods-a.chursin.debug.xcconfig"; path = "Pods/Target Support Files/Pods-a.chursin/Pods-a.chursin.debug.xcconfig"; sourceTree = "<group>"; };
		4C99A4F4D925DD65B6EAB450 /* Pods-a.chursinUITests.debug.xcconfig */ = {isa = PBXFileReference; includeInIndex = 1; lastKnownFileType = text.xcconfig; name = "Pods-a.chursinUITests.debug.xcconfig"; path = "Pods/Target Support Files/Pods-a.chursinUITests/Pods-a.chursinUITests.debug.xcconfig"; sourceTree = "<group>"; };
		4CACA37F465BFC079D8D47C5 /* Pods_a_chursinUITests.framework */ = {isa = PBXFileReference; explicitFileType = wrapper.framework; includeInIndex = 0; path = Pods_a_chursinUITests.framework; sourceTree = BUILT_PRODUCTS_DIR; };
		4D3CCE349476886F0D31E215 /* Pods-a.chursinTests.release.xcconfig */ = {isa = PBXFileReference; includeInIndex = 1; lastKnownFileType = text.xcconfig; name = "Pods-a.chursinTests.release.xcconfig"; path = "Pods/Target Support Files/Pods-a.chursinTests/Pods-a.chursinTests.release.xcconfig"; sourceTree = "<group>"; };
		7F29C4DFB627D04C7F8BFA1B /* Pods-a.chursin.release.xcconfig */ = {isa = PBXFileReference; includeInIndex = 1; lastKnownFileType = text.xcconfig; name = "Pods-a.chursin.release.xcconfig"; path = "Pods/Target Support Files/Pods-a.chursin/Pods-a.chursin.release.xcconfig"; sourceTree = "<group>"; };
		D0677BC894EEEBC68B80D507 /* Pods_a_chursinTests.framework */ = {isa = PBXFileReference; explicitFileType = wrapper.framework; includeInIndex = 0; path = Pods_a_chursinTests.framework; sourceTree = BUILT_PRODUCTS_DIR; };
		D52F65C727E6FE5CDFF36873 /* Pods-a.chursinUITests.release.xcconfig */ = {isa = PBXFileReference; includeInIndex = 1; lastKnownFileType = text.xcconfig; name = "Pods-a.chursinUITests.release.xcconfig"; path = "Pods/Target Support Files/Pods-a.chursinUITests/Pods-a.chursinUITests.release.xcconfig"; sourceTree = "<group>"; };
		F7C0D95D04B9CB14B686C209 /* Pods_a_chursin.framework */ = {isa = PBXFileReference; explicitFileType = wrapper.framework; includeInIndex = 0; path = Pods_a_chursin.framework; sourceTree = BUILT_PRODUCTS_DIR; };
/* End PBXFileReference section */

/* Begin PBXFrameworksBuildPhase section */
		02AC047720EA84DA00E4E375 /* Frameworks */ = {
			isa = PBXFrameworksBuildPhase;
			buildActionMask = 2147483647;
			files = (
				BF7F6E42CB8AACF295037B5B /* Pods_a_chursin.framework in Frameworks */,
			);
			runOnlyForDeploymentPostprocessing = 0;
		};
		02AC048B20EA84DB00E4E375 /* Frameworks */ = {
			isa = PBXFrameworksBuildPhase;
			buildActionMask = 2147483647;
			files = (
				776AF6D5C0973CD9801F3170 /* Pods_a_chursinTests.framework in Frameworks */,
			);
			runOnlyForDeploymentPostprocessing = 0;
		};
		02AC049620EA84DB00E4E375 /* Frameworks */ = {
			isa = PBXFrameworksBuildPhase;
			buildActionMask = 2147483647;
			files = (
				A8AA2BAB41568FA01AB898CA /* Pods_a_chursinUITests.framework in Frameworks */,
			);
			runOnlyForDeploymentPostprocessing = 0;
		};
/* End PBXFrameworksBuildPhase section */

/* Begin PBXGroup section */
		024F51BA2108AEA000AE51CA /* Auth */ = {
			isa = PBXGroup;
			children = (
				02A42C3920FB704C0087512A /* AuthRequestFactory.swift */,
				02A42C3B20FB71EE0087512A /* Auth.swift */,
			);
			path = Auth;
			sourceTree = "<group>";
		};
		024F51BB2108AEAF00AE51CA /* Accaunt */ = {
			isa = PBXGroup;
			children = (
				02FBD78F2100B14D002FD9F0 /* AccauntRequestFactory.swift */,
				02FBD78D2100B0B3002FD9F0 /* Accaunt.swift */,
			);
			path = Accaunt;
			sourceTree = "<group>";
		};
		024F51BC2108AEBF00AE51CA /* Product */ = {
			isa = PBXGroup;
			children = (
				024F51A2210874D700AE51CA /* ProductRequestFactory.swift */,
				024F51A4210874E300AE51CA /* Product.swift */,
			);
			path = Product;
			sourceTree = "<group>";
		};
		024F51BD2108AEE200AE51CA /* Results json */ = {
			isa = PBXGroup;
			children = (
				02329D96210370C70012EBF6 /* Login.json */,
				02329D98210376FD0012EBF6 /* Logout.json */,
				024F51B02108915E00AE51CA /* Register.json */,
				024F51B2210893B700AE51CA /* Change.json */,
				024F51B6210896E400AE51CA /* Catalog.json */,
				024F51B8210899C900AE51CA /* Item.json */,
				024F51BE2108B06000AE51CA /* CodableTests.json */,
				02677705210C757E00E7DC95 /* AddReview.json */,
				02677709210C813000E7DC95 /* RemoveReview.json */,
				0267770B210C874700E7DC95 /* ApproveReview.json */,
				029DE6F4210C912500563F56 /* AddToBasket.json */,
				029DE6F6210C914C00563F56 /* GetBasket.json */,
				029DE6F8210C916E00563F56 /* DeleteFromBasket.json */,
			);
			path = "Results json";
			sourceTree = "<group>";
		};
		024F51E3210C686200AE51CA /* Reviews */ = {
			isa = PBXGroup;
			children = (
				024F51E6210C689500AE51CA /* ReviewsReqestFactory.swift */,
				024F51E4210C688300AE51CA /* Reviews.swift */,
			);
			path = Reviews;
			sourceTree = "<group>";
		};
		025CFC6A2113533C007FBC08 /* AccauntUIControllers */ = {
			isa = PBXGroup;
			children = (
				029A5ABF211069AD00CAE165 /* LoginViewController.swift */,
				029A5AC32110739600CAE165 /* RegisterViewController.swift */,
				029A5AC72110814900CAE165 /* AccauntDataViewController.swift */,
			);
			path = AccauntUIControllers;
			sourceTree = "<group>";
		};
		025CFC6B21135359007FBC08 /* ProductUIControllers */ = {
			isa = PBXGroup;
			children = (
				026C1E032114454100ABEC29 /* BasketList */,
				026C1E022114451300ABEC29 /* Reviews */,
				025CFC7021136D15007FBC08 /* Goods */,
			);
			path = ProductUIControllers;
			sourceTree = "<group>";
		};
		025CFC7021136D15007FBC08 /* Goods */ = {
			isa = PBXGroup;
			children = (
				025CFC7121136D42007FBC08 /* ProductViewController.swift */,
				025CFC6C2113539E007FBC08 /* GoodsListTableViewController.swift */,
				025CFC6E211353BE007FBC08 /* GoodsListTableViewCell.swift */,
			);
			path = Goods;
			sourceTree = "<group>";
		};
		0267770D210C885B00E7DC95 /* Basket */ = {
			isa = PBXGroup;
			children = (
				0267770E210C887600E7DC95 /* BasketReqestFactory.swift */,
				02677710210C888000E7DC95 /* Basket.swift */,
			);
			path = Basket;
			sourceTree = "<group>";
		};
		026C1E022114451300ABEC29 /* Reviews */ = {
			isa = PBXGroup;
			children = (
				02DFC5EF211482FB00453192 /* ReviewTableViewController.swift */,
				02DFC5F12114831600453192 /* ReviewTableViewCell.swift */,
				02DFC5F321148FE400453192 /* AddReviewViewController.swift */,
			);
			path = Reviews;
			sourceTree = "<group>";
		};
		026C1E032114454100ABEC29 /* BasketList */ = {
			isa = PBXGroup;
			children = (
				026C1E042114456800ABEC29 /* BasketTableViewController.swift */,
				026C1E062114457C00ABEC29 /* BasketTableViewCell.swift */,
			);
			path = BasketList;
			sourceTree = "<group>";
		};
		029A5ABB2110667700CAE165 /* Storyboards */ = {
			isa = PBXGroup;
			children = (
				029A5ABC211066AF00CAE165 /* LoginStoryboard.storyboard */,
				029A5AC12110733D00CAE165 /* AccauntEditStoryboard.storyboard */,
				029A5AC52110810600CAE165 /* AccauntDataStoryboard.storyboard */,
				029A5ACC211215A500CAE165 /* ProductsStoryboard.storyboard */,
				029A5ACE2112536300CAE165 /* ReviewsStoryboard.storyboard */,
				026C1E082114463D00ABEC29 /* BasketStoryboard.storyboard */,
			);
			path = Storyboards;
			sourceTree = "<group>";
		};
		029A5ABE2110696900CAE165 /* UIControllers */ = {
			isa = PBXGroup;
			children = (
				025CFC6B21135359007FBC08 /* ProductUIControllers */,
				025CFC6A2113533C007FBC08 /* AccauntUIControllers */,
				029A5ACA2111A0DC00CAE165 /* Alerts.swift */,
			);
			path = UIControllers;
			sourceTree = "<group>";
		};
		02A42C2720FA11C20087512A /* Network */ = {
			isa = PBXGroup;
			children = (
				02A42C2820FA12210087512A /* AbstractErrorParser.swift */,
				02A42C2A20FA13870087512A /* ErrorParser.swift */,
				02A42C2C20FA19A30087512A /* ResponseCodable.swift */,
				02A42C2E20FA21320087512A /* AbstractRequestFatory.swift */,
				02A42C3120FA27F00087512A /* RequestRouter.swift */,
			);
			path = Network;
			sourceTree = "<group>";
		};
		02A42C3320FB6DFB0087512A /* Entity */ = {
			isa = PBXGroup;
			children = (
				02A42C3420FB6E430087512A /* User.swift */,
				02FBD7912100B917002FD9F0 /* Profile.swift */,
				024F51A62108771400AE51CA /* Item.swift */,
				024F51E8210C6D5C00AE51CA /* Review.swift */,
				02677714210C8CCE00E7DC95 /* Baskets.swift */,
			);
			path = Entity;
			sourceTree = "<group>";
		};
		02A42C3820FB702C0087512A /* Network */ = {
			isa = PBXGroup;
			children = (
				024F51BA2108AEA000AE51CA /* Auth */,
				024F51BB2108AEAF00AE51CA /* Accaunt */,
				024F51BC2108AEBF00AE51CA /* Product */,
				0267770D210C885B00E7DC95 /* Basket */,
				024F51E3210C686200AE51CA /* Reviews */,
			);
			path = Network;
			sourceTree = "<group>";
		};
		02A42C3D20FB79240087512A /* Assembly */ = {
			isa = PBXGroup;
			children = (
				02A42C3E20FB7A110087512A /* RequestFactory.swift */,
				02FBD78B2100B00D002FD9F0 /* BaseRequestFactory.swift */,
			);
			path = Assembly;
			sourceTree = "<group>";
		};
		02AC047120EA84DA00E4E375 = {
			isa = PBXGroup;
			children = (
				02AC047C20EA84DA00E4E375 /* a.chursin */,
				02AC049120EA84DB00E4E375 /* a.chursinTests */,
				02AC049C20EA84DB00E4E375 /* a.chursinUITests */,
				02AC047B20EA84DA00E4E375 /* Products */,
				2B61F77DD8D0E50B2B629571 /* Pods */,
				281E4367BDFB56599EDB1750 /* Frameworks */,
			);
			sourceTree = "<group>";
		};
		02AC047B20EA84DA00E4E375 /* Products */ = {
			isa = PBXGroup;
			children = (
				02AC047A20EA84DA00E4E375 /* a.chursin.app */,
				02AC048E20EA84DB00E4E375 /* a.chursinTests.xctest */,
				02AC049920EA84DB00E4E375 /* a.chursinUITests.xctest */,
			);
			name = Products;
			sourceTree = "<group>";
		};
		02AC047C20EA84DA00E4E375 /* a.chursin */ = {
			isa = PBXGroup;
			children = (
				02AC04AB20EA956300E4E375 /* App */,
				02AC04AD20EA958D00E4E375 /* Core */,
				02AC04AE20EA95AE00E4E375 /* Resources */,
				02AC04AF20EA95C000E4E375 /* Environments */,
			);
			path = a.chursin;
			sourceTree = "<group>";
		};
		02AC049120EA84DB00E4E375 /* a.chursinTests */ = {
			isa = PBXGroup;
			children = (
				024F51A8210886C400AE51CA /* StubHelp.swift */,
				02AC049420EA84DB00E4E375 /* Info.plist */,
				02329D8E210355040012EBF6 /* ResponseCodableTests.swift */,
				02329D9021035C880012EBF6 /* RequestFactoryMock.swift */,
				02329D9221035D610012EBF6 /* ErrorParser​Stub.swift */,
				02329D9421036B830012EBF6 /* AuthRequestFactoryTests.swift */,
				024F51AC21088FCF00AE51CA /* AccauntRequestFactoryTests.swift */,
				024F51AA21088F5600AE51CA /* ProductRequestFactoryTests.swift */,
				02677707210C75BE00E7DC95 /* ReviewsReqestFactoryTests.swift */,
				02677712210C8BE600E7DC95 /* BasketReqestFactoryTests.swift */,
			);
			path = a.chursinTests;
			sourceTree = "<group>";
		};
		02AC049C20EA84DB00E4E375 /* a.chursinUITests */ = {
			isa = PBXGroup;
			children = (
				02AC049F20EA84DB00E4E375 /* Info.plist */,
				0212F4E32115AA35001EBD50 /* authTest.swift */,
				0208B1122115B39D00EC1D8E /* basketTest.swift */,
			);
			path = a.chursinUITests;
			sourceTree = "<group>";
		};
		02AC04AB20EA956300E4E375 /* App */ = {
			isa = PBXGroup;
			children = (
				02A42C3D20FB79240087512A /* Assembly */,
				02A42C3320FB6DFB0087512A /* Entity */,
				02AC04B020EA963200E4E375 /* BussinessLogic */,
				02AC04AC20EA956C00E4E375 /* Flows */,
			);
			path = App;
			sourceTree = "<group>";
		};
		02AC04AC20EA956C00E4E375 /* Flows */ = {
			isa = PBXGroup;
			children = (
				029A5ABE2110696900CAE165 /* UIControllers */,
			);
			path = Flows;
			sourceTree = "<group>";
		};
		02AC04AD20EA958D00E4E375 /* Core */ = {
			isa = PBXGroup;
			children = (
				02A42C2720FA11C20087512A /* Network */,
			);
			path = Core;
			sourceTree = "<group>";
		};
		02AC04AE20EA95AE00E4E375 /* Resources */ = {
			isa = PBXGroup;
			children = (
				029A5ABB2110667700CAE165 /* Storyboards */,
				024F51BD2108AEE200AE51CA /* Results json */,
				02AC048620EA84DB00E4E375 /* LaunchScreen.storyboard */,
				02AC048420EA84DB00E4E375 /* Assets.xcassets */,
			);
			path = Resources;
			sourceTree = "<group>";
		};
		02AC04AF20EA95C000E4E375 /* Environments */ = {
			isa = PBXGroup;
			children = (
				02AC048920EA84DB00E4E375 /* Info.plist */,
			);
			path = Environments;
			sourceTree = "<group>";
		};
		02AC04B020EA963200E4E375 /* BussinessLogic */ = {
			isa = PBXGroup;
			children = (
				02A42C3820FB702C0087512A /* Network */,
				02AC04B120EA966000E4E375 /* AppDelegate */,
			);
			path = BussinessLogic;
			sourceTree = "<group>";
		};
		02AC04B120EA966000E4E375 /* AppDelegate */ = {
			isa = PBXGroup;
			children = (
				02AC047D20EA84DA00E4E375 /* AppDelegate.swift */,
			);
			path = AppDelegate;
			sourceTree = "<group>";
		};
		281E4367BDFB56599EDB1750 /* Frameworks */ = {
			isa = PBXGroup;
			children = (
				F7C0D95D04B9CB14B686C209 /* Pods_a_chursin.framework */,
				D0677BC894EEEBC68B80D507 /* Pods_a_chursinTests.framework */,
				4CACA37F465BFC079D8D47C5 /* Pods_a_chursinUITests.framework */,
			);
			name = Frameworks;
			sourceTree = "<group>";
		};
		2B61F77DD8D0E50B2B629571 /* Pods */ = {
			isa = PBXGroup;
			children = (
				305C1B6151D969664303C176 /* Pods-a.chursin.debug.xcconfig */,
				7F29C4DFB627D04C7F8BFA1B /* Pods-a.chursin.release.xcconfig */,
				2E0A6E4608F6A019C979B76F /* Pods-a.chursinTests.debug.xcconfig */,
				4D3CCE349476886F0D31E215 /* Pods-a.chursinTests.release.xcconfig */,
				4C99A4F4D925DD65B6EAB450 /* Pods-a.chursinUITests.debug.xcconfig */,
				D52F65C727E6FE5CDFF36873 /* Pods-a.chursinUITests.release.xcconfig */,
			);
			name = Pods;
			sourceTree = "<group>";
		};
/* End PBXGroup section */

/* Begin PBXNativeTarget section */
		02AC047920EA84DA00E4E375 /* a.chursin */ = {
			isa = PBXNativeTarget;
			buildConfigurationList = 02AC04A220EA84DB00E4E375 /* Build configuration list for PBXNativeTarget "a.chursin" */;
			buildPhases = (
				0F07F54E5E784EABB430EB1A /* [CP] Check Pods Manifest.lock */,
				02AC047620EA84DA00E4E375 /* Sources */,
				02AC047720EA84DA00E4E375 /* Frameworks */,
				02AC047820EA84DA00E4E375 /* Resources */,
				DD969A66C65C51039DDB576A /* [CP] Embed Pods Frameworks */,
			);
			buildRules = (
			);
			dependencies = (
			);
			name = a.chursin;
			productName = a.chursin;
			productReference = 02AC047A20EA84DA00E4E375 /* a.chursin.app */;
			productType = "com.apple.product-type.application";
		};
		02AC048D20EA84DB00E4E375 /* a.chursinTests */ = {
			isa = PBXNativeTarget;
			buildConfigurationList = 02AC04A520EA84DB00E4E375 /* Build configuration list for PBXNativeTarget "a.chursinTests" */;
			buildPhases = (
				3EBCAFB4CAAF50A5014C60A2 /* [CP] Check Pods Manifest.lock */,
				02AC048A20EA84DB00E4E375 /* Sources */,
				02AC048B20EA84DB00E4E375 /* Frameworks */,
				02AC048C20EA84DB00E4E375 /* Resources */,
			);
			buildRules = (
			);
			dependencies = (
				02AC049020EA84DB00E4E375 /* PBXTargetDependency */,
			);
			name = a.chursinTests;
			productName = a.chursinTests;
			productReference = 02AC048E20EA84DB00E4E375 /* a.chursinTests.xctest */;
			productType = "com.apple.product-type.bundle.unit-test";
		};
		02AC049820EA84DB00E4E375 /* a.chursinUITests */ = {
			isa = PBXNativeTarget;
			buildConfigurationList = 02AC04A820EA84DB00E4E375 /* Build configuration list for PBXNativeTarget "a.chursinUITests" */;
			buildPhases = (
				280E31F3FA120993E2F51669 /* [CP] Check Pods Manifest.lock */,
				02AC049520EA84DB00E4E375 /* Sources */,
				02AC049620EA84DB00E4E375 /* Frameworks */,
				02AC049720EA84DB00E4E375 /* Resources */,
			);
			buildRules = (
			);
			dependencies = (
				02AC049B20EA84DB00E4E375 /* PBXTargetDependency */,
			);
			name = a.chursinUITests;
			productName = a.chursinUITests;
			productReference = 02AC049920EA84DB00E4E375 /* a.chursinUITests.xctest */;
			productType = "com.apple.product-type.bundle.ui-testing";
		};
/* End PBXNativeTarget section */

/* Begin PBXProject section */
		02AC047220EA84DA00E4E375 /* Project object */ = {
			isa = PBXProject;
			attributes = {
				LastSwiftUpdateCheck = 0940;
				LastUpgradeCheck = 0940;
				ORGANIZATIONNAME = "Артем Чурсин";
				TargetAttributes = {
					02AC047920EA84DA00E4E375 = {
						CreatedOnToolsVersion = 9.4.1;
					};
					02AC048D20EA84DB00E4E375 = {
						CreatedOnToolsVersion = 9.4.1;
						TestTargetID = 02AC047920EA84DA00E4E375;
					};
					02AC049820EA84DB00E4E375 = {
						CreatedOnToolsVersion = 9.4.1;
						TestTargetID = 02AC047920EA84DA00E4E375;
					};
				};
			};
			buildConfigurationList = 02AC047520EA84DA00E4E375 /* Build configuration list for PBXProject "a.chursin" */;
			compatibilityVersion = "Xcode 9.3";
			developmentRegion = en;
			hasScannedForEncodings = 0;
			knownRegions = (
				en,
				Base,
			);
			mainGroup = 02AC047120EA84DA00E4E375;
			productRefGroup = 02AC047B20EA84DA00E4E375 /* Products */;
			projectDirPath = "";
			projectRoot = "";
			targets = (
				02AC047920EA84DA00E4E375 /* a.chursin */,
				02AC048D20EA84DB00E4E375 /* a.chursinTests */,
				02AC049820EA84DB00E4E375 /* a.chursinUITests */,
			);
		};
/* End PBXProject section */

/* Begin PBXResourcesBuildPhase section */
		02AC047820EA84DA00E4E375 /* Resources */ = {
			isa = PBXResourcesBuildPhase;
			buildActionMask = 2147483647;
			files = (
				026C1E092114463D00ABEC29 /* BasketStoryboard.storyboard in Resources */,
				024F51B9210899C900AE51CA /* Item.json in Resources */,
				029A5ACF2112536300CAE165 /* ReviewsStoryboard.storyboard in Resources */,
				029DE6F5210C912500563F56 /* AddToBasket.json in Resources */,
				029A5AC62110810600CAE165 /* AccauntDataStoryboard.storyboard in Resources */,
				024F51B7210896E400AE51CA /* Catalog.json in Resources */,
				029A5ABD211066AF00CAE165 /* LoginStoryboard.storyboard in Resources */,
				02329D97210370C70012EBF6 /* Login.json in Resources */,
				029A5ACD211215A500CAE165 /* ProductsStoryboard.storyboard in Resources */,
				029DE6F7210C914C00563F56 /* GetBasket.json in Resources */,
				02677706210C757E00E7DC95 /* AddReview.json in Resources */,
				029DE6F9210C916E00563F56 /* DeleteFromBasket.json in Resources */,
				02329D99210376FD0012EBF6 /* Logout.json in Resources */,
				0267770C210C874700E7DC95 /* ApproveReview.json in Resources */,
				029A5AC22110733D00CAE165 /* AccauntEditStoryboard.storyboard in Resources */,
				02AC048820EA84DB00E4E375 /* LaunchScreen.storyboard in Resources */,
				024F51B3210893B700AE51CA /* Change.json in Resources */,
				0267770A210C813000E7DC95 /* RemoveReview.json in Resources */,
				024F51B12108915E00AE51CA /* Register.json in Resources */,
				02AC048520EA84DB00E4E375 /* Assets.xcassets in Resources */,
				024F51BF2108B06000AE51CA /* CodableTests.json in Resources */,
			);
			runOnlyForDeploymentPostprocessing = 0;
		};
		02AC048C20EA84DB00E4E375 /* Resources */ = {
			isa = PBXResourcesBuildPhase;
			buildActionMask = 2147483647;
			files = (
			);
			runOnlyForDeploymentPostprocessing = 0;
		};
		02AC049720EA84DB00E4E375 /* Resources */ = {
			isa = PBXResourcesBuildPhase;
			buildActionMask = 2147483647;
			files = (
			);
			runOnlyForDeploymentPostprocessing = 0;
		};
/* End PBXResourcesBuildPhase section */

/* Begin PBXShellScriptBuildPhase section */
		0F07F54E5E784EABB430EB1A /* [CP] Check Pods Manifest.lock */ = {
			isa = PBXShellScriptBuildPhase;
			buildActionMask = 2147483647;
			files = (
			);
			inputPaths = (
				"${PODS_PODFILE_DIR_PATH}/Podfile.lock",
				"${PODS_ROOT}/Manifest.lock",
			);
			name = "[CP] Check Pods Manifest.lock";
			outputPaths = (
				"$(DERIVED_FILE_DIR)/Pods-a.chursin-checkManifestLockResult.txt",
			);
			runOnlyForDeploymentPostprocessing = 0;
			shellPath = /bin/sh;
			shellScript = "diff \"${PODS_PODFILE_DIR_PATH}/Podfile.lock\" \"${PODS_ROOT}/Manifest.lock\" > /dev/null\nif [ $? != 0 ] ; then\n    # print error to STDERR\n    echo \"error: The sandbox is not in sync with the Podfile.lock. Run 'pod install' or update your CocoaPods installation.\" >&2\n    exit 1\nfi\n# This output is used by Xcode 'outputs' to avoid re-running this script phase.\necho \"SUCCESS\" > \"${SCRIPT_OUTPUT_FILE_0}\"\n";
			showEnvVarsInLog = 0;
		};
		280E31F3FA120993E2F51669 /* [CP] Check Pods Manifest.lock */ = {
			isa = PBXShellScriptBuildPhase;
			buildActionMask = 2147483647;
			files = (
			);
			inputPaths = (
				"${PODS_PODFILE_DIR_PATH}/Podfile.lock",
				"${PODS_ROOT}/Manifest.lock",
			);
			name = "[CP] Check Pods Manifest.lock";
			outputPaths = (
				"$(DERIVED_FILE_DIR)/Pods-a.chursinUITests-checkManifestLockResult.txt",
			);
			runOnlyForDeploymentPostprocessing = 0;
			shellPath = /bin/sh;
			shellScript = "diff \"${PODS_PODFILE_DIR_PATH}/Podfile.lock\" \"${PODS_ROOT}/Manifest.lock\" > /dev/null\nif [ $? != 0 ] ; then\n    # print error to STDERR\n    echo \"error: The sandbox is not in sync with the Podfile.lock. Run 'pod install' or update your CocoaPods installation.\" >&2\n    exit 1\nfi\n# This output is used by Xcode 'outputs' to avoid re-running this script phase.\necho \"SUCCESS\" > \"${SCRIPT_OUTPUT_FILE_0}\"\n";
			showEnvVarsInLog = 0;
		};
		3EBCAFB4CAAF50A5014C60A2 /* [CP] Check Pods Manifest.lock */ = {
			isa = PBXShellScriptBuildPhase;
			buildActionMask = 2147483647;
			files = (
			);
			inputPaths = (
				"${PODS_PODFILE_DIR_PATH}/Podfile.lock",
				"${PODS_ROOT}/Manifest.lock",
			);
			name = "[CP] Check Pods Manifest.lock";
			outputPaths = (
				"$(DERIVED_FILE_DIR)/Pods-a.chursinTests-checkManifestLockResult.txt",
			);
			runOnlyForDeploymentPostprocessing = 0;
			shellPath = /bin/sh;
			shellScript = "diff \"${PODS_PODFILE_DIR_PATH}/Podfile.lock\" \"${PODS_ROOT}/Manifest.lock\" > /dev/null\nif [ $? != 0 ] ; then\n    # print error to STDERR\n    echo \"error: The sandbox is not in sync with the Podfile.lock. Run 'pod install' or update your CocoaPods installation.\" >&2\n    exit 1\nfi\n# This output is used by Xcode 'outputs' to avoid re-running this script phase.\necho \"SUCCESS\" > \"${SCRIPT_OUTPUT_FILE_0}\"\n";
			showEnvVarsInLog = 0;
		};
		DD969A66C65C51039DDB576A /* [CP] Embed Pods Frameworks */ = {
			isa = PBXShellScriptBuildPhase;
			buildActionMask = 2147483647;
			files = (
			);
			inputPaths = (
				"${SRCROOT}/Pods/Target Support Files/Pods-a.chursin/Pods-a.chursin-frameworks.sh",
				"${BUILT_PRODUCTS_DIR}/Alamofire/Alamofire.framework",
				"${BUILT_PRODUCTS_DIR}/OHHTTPStubs/OHHTTPStubs.framework",
			);
			name = "[CP] Embed Pods Frameworks";
			outputPaths = (
				"${TARGET_BUILD_DIR}/${FRAMEWORKS_FOLDER_PATH}/Alamofire.framework",
				"${TARGET_BUILD_DIR}/${FRAMEWORKS_FOLDER_PATH}/OHHTTPStubs.framework",
			);
			runOnlyForDeploymentPostprocessing = 0;
			shellPath = /bin/sh;
			shellScript = "\"${SRCROOT}/Pods/Target Support Files/Pods-a.chursin/Pods-a.chursin-frameworks.sh\"\n";
			showEnvVarsInLog = 0;
		};
/* End PBXShellScriptBuildPhase section */

/* Begin PBXSourcesBuildPhase section */
		02AC047620EA84DA00E4E375 /* Sources */ = {
			isa = PBXSourcesBuildPhase;
			buildActionMask = 2147483647;
			files = (
				02AC047E20EA84DA00E4E375 /* AppDelegate.swift in Sources */,
				02A42C2F20FA21320087512A /* AbstractRequestFatory.swift in Sources */,
				024F51A72108771400AE51CA /* Item.swift in Sources */,
				026C1E052114456800ABEC29 /* BasketTableViewController.swift in Sources */,
				02DFC5F0211482FB00453192 /* ReviewTableViewController.swift in Sources */,
				02FBD78C2100B00D002FD9F0 /* BaseRequestFactory.swift in Sources */,
				024F51A3210874D700AE51CA /* ProductRequestFactory.swift in Sources */,
				0267770F210C887600E7DC95 /* BasketReqestFactory.swift in Sources */,
				024F51E9210C6D5C00AE51CA /* Review.swift in Sources */,
				02FBD7922100B917002FD9F0 /* Profile.swift in Sources */,
				02FBD78E2100B0B3002FD9F0 /* Accaunt.swift in Sources */,
				02A42C3220FA27F00087512A /* RequestRouter.swift in Sources */,
				02A42C2D20FA19A30087512A /* ResponseCodable.swift in Sources */,
				02DFC5F421148FE400453192 /* AddReviewViewController.swift in Sources */,
				02A42C2B20FA13870087512A /* ErrorParser.swift in Sources */,
				029A5AC0211069AD00CAE165 /* LoginViewController.swift in Sources */,
				024F51A5210874E300AE51CA /* Product.swift in Sources */,
				029A5AC82110814900CAE165 /* AccauntDataViewController.swift in Sources */,
				02A42C2920FA12210087512A /* AbstractErrorParser.swift in Sources */,
				026C1E072114457C00ABEC29 /* BasketTableViewCell.swift in Sources */,
				029A5ACB2111A0DC00CAE165 /* Alerts.swift in Sources */,
				02677715210C8CCE00E7DC95 /* Baskets.swift in Sources */,
				025CFC7221136D42007FBC08 /* ProductViewController.swift in Sources */,
				029A5AC42110739600CAE165 /* RegisterViewController.swift in Sources */,
				02FBD7902100B14D002FD9F0 /* AccauntRequestFactory.swift in Sources */,
				025CFC6F211353BE007FBC08 /* GoodsListTableViewCell.swift in Sources */,
				02A42C3F20FB7A110087512A /* RequestFactory.swift in Sources */,
				024F51E7210C689500AE51CA /* ReviewsReqestFactory.swift in Sources */,
				02677711210C888000E7DC95 /* Basket.swift in Sources */,
				02A42C3A20FB704C0087512A /* AuthRequestFactory.swift in Sources */,
				025CFC6D2113539E007FBC08 /* GoodsListTableViewController.swift in Sources */,
				024F51E5210C688300AE51CA /* Reviews.swift in Sources */,
				02DFC5F22114831600453192 /* ReviewTableViewCell.swift in Sources */,
				02A42C3520FB6E430087512A /* User.swift in Sources */,
				02A42C3C20FB71EE0087512A /* Auth.swift in Sources */,
			);
			runOnlyForDeploymentPostprocessing = 0;
		};
		02AC048A20EA84DB00E4E375 /* Sources */ = {
			isa = PBXSourcesBuildPhase;
			buildActionMask = 2147483647;
			files = (
				02329D9121035C880012EBF6 /* RequestFactoryMock.swift in Sources */,
				02329D9321035D610012EBF6 /* ErrorParser​Stub.swift in Sources */,
				024F51AB21088F5600AE51CA /* ProductRequestFactoryTests.swift in Sources */,
				024F51AD21088FCF00AE51CA /* AccauntRequestFactoryTests.swift in Sources */,
				02329D8F210355040012EBF6 /* ResponseCodableTests.swift in Sources */,
				024F51A9210886C400AE51CA /* StubHelp.swift in Sources */,
				02677708210C75BE00E7DC95 /* ReviewsReqestFactoryTests.swift in Sources */,
				02329D9521036B830012EBF6 /* AuthRequestFactoryTests.swift in Sources */,
				02677713210C8BE600E7DC95 /* BasketReqestFactoryTests.swift in Sources */,
			);
			runOnlyForDeploymentPostprocessing = 0;
		};
		02AC049520EA84DB00E4E375 /* Sources */ = {
			isa = PBXSourcesBuildPhase;
			buildActionMask = 2147483647;
			files = (
				0208B1132115B39D00EC1D8E /* basketTest.swift in Sources */,
				0212F4E42115AA35001EBD50 /* authTest.swift in Sources */,
			);
			runOnlyForDeploymentPostprocessing = 0;
		};
/* End PBXSourcesBuildPhase section */

/* Begin PBXTargetDependency section */
		02AC049020EA84DB00E4E375 /* PBXTargetDependency */ = {
			isa = PBXTargetDependency;
			target = 02AC047920EA84DA00E4E375 /* a.chursin */;
			targetProxy = 02AC048F20EA84DB00E4E375 /* PBXContainerItemProxy */;
		};
		02AC049B20EA84DB00E4E375 /* PBXTargetDependency */ = {
			isa = PBXTargetDependency;
			target = 02AC047920EA84DA00E4E375 /* a.chursin */;
			targetProxy = 02AC049A20EA84DB00E4E375 /* PBXContainerItemProxy */;
		};
/* End PBXTargetDependency section */

/* Begin PBXVariantGroup section */
		02AC048620EA84DB00E4E375 /* LaunchScreen.storyboard */ = {
			isa = PBXVariantGroup;
			children = (
				02AC048720EA84DB00E4E375 /* Base */,
			);
			name = LaunchScreen.storyboard;
			sourceTree = "<group>";
		};
/* End PBXVariantGroup section */

/* Begin XCBuildConfiguration section */
		02AC04A020EA84DB00E4E375 /* Debug */ = {
			isa = XCBuildConfiguration;
			buildSettings = {
				ALWAYS_SEARCH_USER_PATHS = NO;
				CLANG_ANALYZER_NONNULL = YES;
				CLANG_ANALYZER_NUMBER_OBJECT_CONVERSION = YES_AGGRESSIVE;
				CLANG_CXX_LANGUAGE_STANDARD = "gnu++14";
				CLANG_CXX_LIBRARY = "libc++";
				CLANG_ENABLE_MODULES = YES;
				CLANG_ENABLE_OBJC_ARC = YES;
				CLANG_ENABLE_OBJC_WEAK = YES;
				CLANG_WARN_BLOCK_CAPTURE_AUTORELEASING = YES;
				CLANG_WARN_BOOL_CONVERSION = YES;
				CLANG_WARN_COMMA = YES;
				CLANG_WARN_CONSTANT_CONVERSION = YES;
				CLANG_WARN_DEPRECATED_OBJC_IMPLEMENTATIONS = YES;
				CLANG_WARN_DIRECT_OBJC_ISA_USAGE = YES_ERROR;
				CLANG_WARN_DOCUMENTATION_COMMENTS = YES;
				CLANG_WARN_EMPTY_BODY = YES;
				CLANG_WARN_ENUM_CONVERSION = YES;
				CLANG_WARN_INFINITE_RECURSION = YES;
				CLANG_WARN_INT_CONVERSION = YES;
				CLANG_WARN_NON_LITERAL_NULL_CONVERSION = YES;
				CLANG_WARN_OBJC_IMPLICIT_RETAIN_SELF = YES;
				CLANG_WARN_OBJC_LITERAL_CONVERSION = YES;
				CLANG_WARN_OBJC_ROOT_CLASS = YES_ERROR;
				CLANG_WARN_RANGE_LOOP_ANALYSIS = YES;
				CLANG_WARN_STRICT_PROTOTYPES = YES;
				CLANG_WARN_SUSPICIOUS_MOVE = YES;
				CLANG_WARN_UNGUARDED_AVAILABILITY = YES_AGGRESSIVE;
				CLANG_WARN_UNREACHABLE_CODE = YES;
				CLANG_WARN__DUPLICATE_METHOD_MATCH = YES;
				CODE_SIGN_IDENTITY = "iPhone Developer";
				COPY_PHASE_STRIP = NO;
				DEBUG_INFORMATION_FORMAT = dwarf;
				ENABLE_STRICT_OBJC_MSGSEND = YES;
				ENABLE_TESTABILITY = YES;
				GCC_C_LANGUAGE_STANDARD = gnu11;
				GCC_DYNAMIC_NO_PIC = NO;
				GCC_NO_COMMON_BLOCKS = YES;
				GCC_OPTIMIZATION_LEVEL = 0;
				GCC_PREPROCESSOR_DEFINITIONS = (
					"DEBUG=1",
					"$(inherited)",
				);
				GCC_WARN_64_TO_32_BIT_CONVERSION = YES;
				GCC_WARN_ABOUT_RETURN_TYPE = YES_ERROR;
				GCC_WARN_UNDECLARED_SELECTOR = YES;
				GCC_WARN_UNINITIALIZED_AUTOS = YES_AGGRESSIVE;
				GCC_WARN_UNUSED_FUNCTION = YES;
				GCC_WARN_UNUSED_VARIABLE = YES;
				IPHONEOS_DEPLOYMENT_TARGET = 11.4;
				MTL_ENABLE_DEBUG_INFO = YES;
				ONLY_ACTIVE_ARCH = YES;
				SDKROOT = iphoneos;
				SWIFT_ACTIVE_COMPILATION_CONDITIONS = DEBUG;
				SWIFT_OPTIMIZATION_LEVEL = "-Onone";
			};
			name = Debug;
		};
		02AC04A120EA84DB00E4E375 /* Release */ = {
			isa = XCBuildConfiguration;
			buildSettings = {
				ALWAYS_SEARCH_USER_PATHS = NO;
				CLANG_ANALYZER_NONNULL = YES;
				CLANG_ANALYZER_NUMBER_OBJECT_CONVERSION = YES_AGGRESSIVE;
				CLANG_CXX_LANGUAGE_STANDARD = "gnu++14";
				CLANG_CXX_LIBRARY = "libc++";
				CLANG_ENABLE_MODULES = YES;
				CLANG_ENABLE_OBJC_ARC = YES;
				CLANG_ENABLE_OBJC_WEAK = YES;
				CLANG_WARN_BLOCK_CAPTURE_AUTORELEASING = YES;
				CLANG_WARN_BOOL_CONVERSION = YES;
				CLANG_WARN_COMMA = YES;
				CLANG_WARN_CONSTANT_CONVERSION = YES;
				CLANG_WARN_DEPRECATED_OBJC_IMPLEMENTATIONS = YES;
				CLANG_WARN_DIRECT_OBJC_ISA_USAGE = YES_ERROR;
				CLANG_WARN_DOCUMENTATION_COMMENTS = YES;
				CLANG_WARN_EMPTY_BODY = YES;
				CLANG_WARN_ENUM_CONVERSION = YES;
				CLANG_WARN_INFINITE_RECURSION = YES;
				CLANG_WARN_INT_CONVERSION = YES;
				CLANG_WARN_NON_LITERAL_NULL_CONVERSION = YES;
				CLANG_WARN_OBJC_IMPLICIT_RETAIN_SELF = YES;
				CLANG_WARN_OBJC_LITERAL_CONVERSION = YES;
				CLANG_WARN_OBJC_ROOT_CLASS = YES_ERROR;
				CLANG_WARN_RANGE_LOOP_ANALYSIS = YES;
				CLANG_WARN_STRICT_PROTOTYPES = YES;
				CLANG_WARN_SUSPICIOUS_MOVE = YES;
				CLANG_WARN_UNGUARDED_AVAILABILITY = YES_AGGRESSIVE;
				CLANG_WARN_UNREACHABLE_CODE = YES;
				CLANG_WARN__DUPLICATE_METHOD_MATCH = YES;
				CODE_SIGN_IDENTITY = "iPhone Developer";
				COPY_PHASE_STRIP = NO;
				DEBUG_INFORMATION_FORMAT = "dwarf-with-dsym";
				ENABLE_NS_ASSERTIONS = NO;
				ENABLE_STRICT_OBJC_MSGSEND = YES;
				GCC_C_LANGUAGE_STANDARD = gnu11;
				GCC_NO_COMMON_BLOCKS = YES;
				GCC_WARN_64_TO_32_BIT_CONVERSION = YES;
				GCC_WARN_ABOUT_RETURN_TYPE = YES_ERROR;
				GCC_WARN_UNDECLARED_SELECTOR = YES;
				GCC_WARN_UNINITIALIZED_AUTOS = YES_AGGRESSIVE;
				GCC_WARN_UNUSED_FUNCTION = YES;
				GCC_WARN_UNUSED_VARIABLE = YES;
				IPHONEOS_DEPLOYMENT_TARGET = 11.4;
				MTL_ENABLE_DEBUG_INFO = NO;
				SDKROOT = iphoneos;
				SWIFT_COMPILATION_MODE = wholemodule;
				SWIFT_OPTIMIZATION_LEVEL = "-O";
				VALIDATE_PRODUCT = YES;
			};
			name = Release;
		};
		02AC04A320EA84DB00E4E375 /* Debug */ = {
			isa = XCBuildConfiguration;
			baseConfigurationReference = 305C1B6151D969664303C176 /* Pods-a.chursin.debug.xcconfig */;
			buildSettings = {
				ASSETCATALOG_COMPILER_APPICON_NAME = AppIcon;
				CODE_SIGN_STYLE = Automatic;
				DEVELOPMENT_TEAM = FZ6BY5499Q;
				INFOPLIST_FILE = a.chursin/Environments/Info.plist;
				LD_RUNPATH_SEARCH_PATHS = (
					"$(inherited)",
					"@executable_path/Frameworks",
				);
				PRODUCT_BUNDLE_IDENTIFIER = "------------.a-chursin";
				PRODUCT_NAME = "$(TARGET_NAME)";
				SWIFT_VERSION = 4.0;
				TARGETED_DEVICE_FAMILY = "1,2";
			};
			name = Debug;
		};
		02AC04A420EA84DB00E4E375 /* Release */ = {
			isa = XCBuildConfiguration;
			baseConfigurationReference = 7F29C4DFB627D04C7F8BFA1B /* Pods-a.chursin.release.xcconfig */;
			buildSettings = {
				ASSETCATALOG_COMPILER_APPICON_NAME = AppIcon;
				CODE_SIGN_STYLE = Automatic;
				DEVELOPMENT_TEAM = FZ6BY5499Q;
				INFOPLIST_FILE = a.chursin/Environments/Info.plist;
				LD_RUNPATH_SEARCH_PATHS = (
					"$(inherited)",
					"@executable_path/Frameworks",
				);
				PRODUCT_BUNDLE_IDENTIFIER = "------------.a-chursin";
				PRODUCT_NAME = "$(TARGET_NAME)";
				SWIFT_VERSION = 4.0;
				TARGETED_DEVICE_FAMILY = "1,2";
			};
			name = Release;
		};
		02AC04A620EA84DB00E4E375 /* Debug */ = {
			isa = XCBuildConfiguration;
			baseConfigurationReference = 2E0A6E4608F6A019C979B76F /* Pods-a.chursinTests.debug.xcconfig */;
			buildSettings = {
				ALWAYS_EMBED_SWIFT_STANDARD_LIBRARIES = YES;
				BUNDLE_LOADER = "$(TEST_HOST)";
				CODE_SIGN_STYLE = Automatic;
				DEVELOPMENT_TEAM = FZ6BY5499Q;
				INFOPLIST_FILE = a.chursinTests/Info.plist;
				LD_RUNPATH_SEARCH_PATHS = (
					"$(inherited)",
					"@executable_path/Frameworks",
					"@loader_path/Frameworks",
				);
				PRODUCT_BUNDLE_IDENTIFIER = "------------.a-chursinTests";
				PRODUCT_NAME = "$(TARGET_NAME)";
				SWIFT_VERSION = 4.0;
				TARGETED_DEVICE_FAMILY = "1,2";
				TEST_HOST = "$(BUILT_PRODUCTS_DIR)/a.chursin.app/a.chursin";
			};
			name = Debug;
		};
		02AC04A720EA84DB00E4E375 /* Release */ = {
			isa = XCBuildConfiguration;
			baseConfigurationReference = 4D3CCE349476886F0D31E215 /* Pods-a.chursinTests.release.xcconfig */;
			buildSettings = {
				ALWAYS_EMBED_SWIFT_STANDARD_LIBRARIES = YES;
				BUNDLE_LOADER = "$(TEST_HOST)";
				CODE_SIGN_STYLE = Automatic;
				DEVELOPMENT_TEAM = FZ6BY5499Q;
				INFOPLIST_FILE = a.chursinTests/Info.plist;
				LD_RUNPATH_SEARCH_PATHS = (
					"$(inherited)",
					"@executable_path/Frameworks",
					"@loader_path/Frameworks",
				);
				PRODUCT_BUNDLE_IDENTIFIER = "------------.a-chursinTests";
				PRODUCT_NAME = "$(TARGET_NAME)";
				SWIFT_VERSION = 4.0;
				TARGETED_DEVICE_FAMILY = "1,2";
				TEST_HOST = "$(BUILT_PRODUCTS_DIR)/a.chursin.app/a.chursin";
			};
			name = Release;
		};
		02AC04A920EA84DB00E4E375 /* Debug */ = {
			isa = XCBuildConfiguration;
			baseConfigurationReference = 4C99A4F4D925DD65B6EAB450 /* Pods-a.chursinUITests.debug.xcconfig */;
			buildSettings = {
				ALWAYS_EMBED_SWIFT_STANDARD_LIBRARIES = YES;
				CODE_SIGN_STYLE = Automatic;
				DEVELOPMENT_TEAM = FZ6BY5499Q;
				INFOPLIST_FILE = a.chursinUITests/Info.plist;
				LD_RUNPATH_SEARCH_PATHS = (
					"$(inherited)",
					"@executable_path/Frameworks",
					"@loader_path/Frameworks",
				);
				PRODUCT_BUNDLE_IDENTIFIER = "------------.a-chursinUITests";
				PRODUCT_NAME = "$(TARGET_NAME)";
				SWIFT_VERSION = 4.0;
				TARGETED_DEVICE_FAMILY = "1,2";
				TEST_TARGET_NAME = a.chursin;
			};
			name = Debug;
		};
		02AC04AA20EA84DB00E4E375 /* Release */ = {
			isa = XCBuildConfiguration;
			baseConfigurationReference = D52F65C727E6FE5CDFF36873 /* Pods-a.chursinUITests.release.xcconfig */;
			buildSettings = {
				ALWAYS_EMBED_SWIFT_STANDARD_LIBRARIES = YES;
				CODE_SIGN_STYLE = Automatic;
				DEVELOPMENT_TEAM = FZ6BY5499Q;
				INFOPLIST_FILE = a.chursinUITests/Info.plist;
				LD_RUNPATH_SEARCH_PATHS = (
					"$(inherited)",
					"@executable_path/Frameworks",
					"@loader_path/Frameworks",
				);
				PRODUCT_BUNDLE_IDENTIFIER = "------------.a-chursinUITests";
				PRODUCT_NAME = "$(TARGET_NAME)";
				SWIFT_VERSION = 4.0;
				TARGETED_DEVICE_FAMILY = "1,2";
				TEST_TARGET_NAME = a.chursin;
			};
			name = Release;
		};
/* End XCBuildConfiguration section */

/* Begin XCConfigurationList section */
		02AC047520EA84DA00E4E375 /* Build configuration list for PBXProject "a.chursin" */ = {
			isa = XCConfigurationList;
			buildConfigurations = (
				02AC04A020EA84DB00E4E375 /* Debug */,
				02AC04A120EA84DB00E4E375 /* Release */,
			);
			defaultConfigurationIsVisible = 0;
			defaultConfigurationName = Release;
		};
		02AC04A220EA84DB00E4E375 /* Build configuration list for PBXNativeTarget "a.chursin" */ = {
			isa = XCConfigurationList;
			buildConfigurations = (
				02AC04A320EA84DB00E4E375 /* Debug */,
				02AC04A420EA84DB00E4E375 /* Release */,
			);
			defaultConfigurationIsVisible = 0;
			defaultConfigurationName = Release;
		};
		02AC04A520EA84DB00E4E375 /* Build configuration list for PBXNativeTarget "a.chursinTests" */ = {
			isa = XCConfigurationList;
			buildConfigurations = (
				02AC04A620EA84DB00E4E375 /* Debug */,
				02AC04A720EA84DB00E4E375 /* Release */,
			);
			defaultConfigurationIsVisible = 0;
			defaultConfigurationName = Release;
		};
		02AC04A820EA84DB00E4E375 /* Build configuration list for PBXNativeTarget "a.chursinUITests" */ = {
			isa = XCConfigurationList;
			buildConfigurations = (
				02AC04A920EA84DB00E4E375 /* Debug */,
				02AC04AA20EA84DB00E4E375 /* Release */,
			);
			defaultConfigurationIsVisible = 0;
			defaultConfigurationName = Release;
		};
/* End XCConfigurationList section */
	};
	rootObject = 02AC047220EA84DA00E4E375 /* Project object */;
}
